// !$*UTF8*$!
{
	archiveVersion = 1;
	classes = {
	};
	objectVersion = 46;
	objects = {

/* Begin PBXBuildFile section */
		040CB0A31AF98B9400AF1CC5 /* EndGameScene.m in Sources */ = {isa = PBXBuildFile; fileRef = 040CB0A21AF98B9400AF1CC5 /* EndGameScene.m */; };
		0455A99A1AE7553300CE0845 /* main.m in Sources */ = {isa = PBXBuildFile; fileRef = 0455A9991AE7553300CE0845 /* main.m */; };
		0455A99D1AE7553300CE0845 /* AppDelegate.m in Sources */ = {isa = PBXBuildFile; fileRef = 0455A99C1AE7553300CE0845 /* AppDelegate.m */; };
		0455A9A01AE7553300CE0845 /* GameScene.m in Sources */ = {isa = PBXBuildFile; fileRef = 0455A99F1AE7553300CE0845 /* GameScene.m */; };
		0455A9A21AE7553300CE0845 /* GameScene.sks in Resources */ = {isa = PBXBuildFile; fileRef = 0455A9A11AE7553300CE0845 /* GameScene.sks */; };
		0455A9A51AE7553300CE0845 /* GameViewController.m in Sources */ = {isa = PBXBuildFile; fileRef = 0455A9A41AE7553300CE0845 /* GameViewController.m */; };
		0455A9A81AE7553300CE0845 /* Main.storyboard in Resources */ = {isa = PBXBuildFile; fileRef = 0455A9A61AE7553300CE0845 /* Main.storyboard */; };
		0455A9AA1AE7553300CE0845 /* Images.xcassets in Resources */ = {isa = PBXBuildFile; fileRef = 0455A9A91AE7553300CE0845 /* Images.xcassets */; };
		0455A9AD1AE7553300CE0845 /* LaunchScreen.xib in Resources */ = {isa = PBXBuildFile; fileRef = 0455A9AB1AE7553300CE0845 /* LaunchScreen.xib */; };
		0455A9B91AE7553300CE0845 /* uberjump_spritekit_objc_iphoneTests.m in Sources */ = {isa = PBXBuildFile; fileRef = 0455A9B81AE7553300CE0845 /* uberjump_spritekit_objc_iphoneTests.m */; };
		0455A9EF1AE7573B00CE0845 /* Assets.atlas in Resources */ = {isa = PBXBuildFile; fileRef = 0455A9C31AE7573B00CE0845 /* Assets.atlas */; };
		0455A9F01AE7573B00CE0845 /* Background.png in Resources */ = {isa = PBXBuildFile; fileRef = 0455A9C51AE7573B00CE0845 /* Background.png */; };
		0455A9F11AE7573B00CE0845 /* Background01.png in Resources */ = {isa = PBXBuildFile; fileRef = 0455A9C61AE7573B00CE0845 /* Background01.png */; };
		0455A9F21AE7573B00CE0845 /* Background01@2x.png in Resources */ = {isa = PBXBuildFile; fileRef = 0455A9C71AE7573B00CE0845 /* Background01@2x.png */; };
		0455A9F31AE7573B00CE0845 /* Background02.png in Resources */ = {isa = PBXBuildFile; fileRef = 0455A9C81AE7573B00CE0845 /* Background02.png */; };
		0455A9F41AE7573B00CE0845 /* Background02@2x.png in Resources */ = {isa = PBXBuildFile; fileRef = 0455A9C91AE7573B00CE0845 /* Background02@2x.png */; };
		0455A9F51AE7573B00CE0845 /* Background03.png in Resources */ = {isa = PBXBuildFile; fileRef = 0455A9CA1AE7573B00CE0845 /* Background03.png */; };
		0455A9F61AE7573B00CE0845 /* Background03@2x.png in Resources */ = {isa = PBXBuildFile; fileRef = 0455A9CB1AE7573B00CE0845 /* Background03@2x.png */; };
		0455A9F71AE7573B00CE0845 /* Background04.png in Resources */ = {isa = PBXBuildFile; fileRef = 0455A9CC1AE7573B00CE0845 /* Background04.png */; };
		0455A9F81AE7573B00CE0845 /* Background04@2x.png in Resources */ = {isa = PBXBuildFile; fileRef = 0455A9CD1AE7573B00CE0845 /* Background04@2x.png */; };
		0455A9F91AE7573B00CE0845 /* Background05.png in Resources */ = {isa = PBXBuildFile; fileRef = 0455A9CE1AE7573B00CE0845 /* Background05.png */; };
		0455A9FA1AE7573B00CE0845 /* Background05@2x.png in Resources */ = {isa = PBXBuildFile; fileRef = 0455A9CF1AE7573B00CE0845 /* Background05@2x.png */; };
		0455A9FB1AE7573B00CE0845 /* Background06.png in Resources */ = {isa = PBXBuildFile; fileRef = 0455A9D01AE7573B00CE0845 /* Background06.png */; };
		0455A9FC1AE7573B00CE0845 /* Background06@2x.png in Resources */ = {isa = PBXBuildFile; fileRef = 0455A9D11AE7573B00CE0845 /* Background06@2x.png */; };
		0455A9FD1AE7573B00CE0845 /* Background07.png in Resources */ = {isa = PBXBuildFile; fileRef = 0455A9D21AE7573B00CE0845 /* Background07.png */; };
		0455A9FE1AE7573B00CE0845 /* Background07@2x.png in Resources */ = {isa = PBXBuildFile; fileRef = 0455A9D31AE7573B00CE0845 /* Background07@2x.png */; };
		0455A9FF1AE7573B00CE0845 /* Background08.png in Resources */ = {isa = PBXBuildFile; fileRef = 0455A9D41AE7573B00CE0845 /* Background08.png */; };
		0455AA001AE7573B00CE0845 /* Background08@2x.png in Resources */ = {isa = PBXBuildFile; fileRef = 0455A9D51AE7573B00CE0845 /* Background08@2x.png */; };
		0455AA011AE7573B00CE0845 /* Background09.png in Resources */ = {isa = PBXBuildFile; fileRef = 0455A9D61AE7573B00CE0845 /* Background09.png */; };
		0455AA021AE7573B00CE0845 /* Background09@2x.png in Resources */ = {isa = PBXBuildFile; fileRef = 0455A9D71AE7573B00CE0845 /* Background09@2x.png */; };
		0455AA031AE7573B00CE0845 /* Background10.png in Resources */ = {isa = PBXBuildFile; fileRef = 0455A9D81AE7573B00CE0845 /* Background10.png */; };
		0455AA041AE7573B00CE0845 /* Background10@2x.png in Resources */ = {isa = PBXBuildFile; fileRef = 0455A9D91AE7573B00CE0845 /* Background10@2x.png */; };
		0455AA051AE7573B00CE0845 /* Background11.png in Resources */ = {isa = PBXBuildFile; fileRef = 0455A9DA1AE7573B00CE0845 /* Background11.png */; };
		0455AA061AE7573B00CE0845 /* Background11@2x.png in Resources */ = {isa = PBXBuildFile; fileRef = 0455A9DB1AE7573B00CE0845 /* Background11@2x.png */; };
		0455AA071AE7573B00CE0845 /* Background12.png in Resources */ = {isa = PBXBuildFile; fileRef = 0455A9DC1AE7573B00CE0845 /* Background12.png */; };
		0455AA081AE7573B00CE0845 /* Background12@2x.png in Resources */ = {isa = PBXBuildFile; fileRef = 0455A9DD1AE7573B00CE0845 /* Background12@2x.png */; };
		0455AA091AE7573B00CE0845 /* Background13.png in Resources */ = {isa = PBXBuildFile; fileRef = 0455A9DE1AE7573B00CE0845 /* Background13.png */; };
		0455AA0A1AE7573B00CE0845 /* Background13@2x.png in Resources */ = {isa = PBXBuildFile; fileRef = 0455A9DF1AE7573B00CE0845 /* Background13@2x.png */; };
		0455AA0B1AE7573B00CE0845 /* Background14.png in Resources */ = {isa = PBXBuildFile; fileRef = 0455A9E01AE7573B00CE0845 /* Background14.png */; };
		0455AA0C1AE7573B00CE0845 /* Background14@2x.png in Resources */ = {isa = PBXBuildFile; fileRef = 0455A9E11AE7573B00CE0845 /* Background14@2x.png */; };
		0455AA0D1AE7573B00CE0845 /* Background15.png in Resources */ = {isa = PBXBuildFile; fileRef = 0455A9E21AE7573B00CE0845 /* Background15.png */; };
		0455AA0E1AE7573B00CE0845 /* Background15@2x.png in Resources */ = {isa = PBXBuildFile; fileRef = 0455A9E31AE7573B00CE0845 /* Background15@2x.png */; };
		0455AA0F1AE7573B00CE0845 /* Background16.png in Resources */ = {isa = PBXBuildFile; fileRef = 0455A9E41AE7573B00CE0845 /* Background16.png */; };
		0455AA101AE7573B00CE0845 /* Background16@2x.png in Resources */ = {isa = PBXBuildFile; fileRef = 0455A9E51AE7573B00CE0845 /* Background16@2x.png */; };
		0455AA111AE7573B00CE0845 /* Background17.png in Resources */ = {isa = PBXBuildFile; fileRef = 0455A9E61AE7573B00CE0845 /* Background17.png */; };
		0455AA121AE7573B00CE0845 /* Background17@2x.png in Resources */ = {isa = PBXBuildFile; fileRef = 0455A9E71AE7573B00CE0845 /* Background17@2x.png */; };
		0455AA131AE7573B00CE0845 /* Background18.png in Resources */ = {isa = PBXBuildFile; fileRef = 0455A9E81AE7573B00CE0845 /* Background18.png */; };
		0455AA141AE7573B00CE0845 /* Background18@2x.png in Resources */ = {isa = PBXBuildFile; fileRef = 0455A9E91AE7573B00CE0845 /* Background18@2x.png */; };
		0455AA151AE7573B00CE0845 /* Background19.png in Resources */ = {isa = PBXBuildFile; fileRef = 0455A9EA1AE7573B00CE0845 /* Background19.png */; };
		0455AA161AE7573B00CE0845 /* Background19@2x.png in Resources */ = {isa = PBXBuildFile; fileRef = 0455A9EB1AE7573B00CE0845 /* Background19@2x.png */; };
		0455AA171AE7573B00CE0845 /* Background20.png in Resources */ = {isa = PBXBuildFile; fileRef = 0455A9EC1AE7573B00CE0845 /* Background20.png */; };
		0455AA181AE7573B00CE0845 /* Background20@2x.png in Resources */ = {isa = PBXBuildFile; fileRef = 0455A9ED1AE7573B00CE0845 /* Background20@2x.png */; };
		0455AA191AE7573B00CE0845 /* Background@2x.png in Resources */ = {isa = PBXBuildFile; fileRef = 0455A9EE1AE7573B00CE0845 /* Background@2x.png */; };
		048F46701AEB17E000B81565 /* GameState.m in Sources */ = {isa = PBXBuildFile; fileRef = 048F466F1AEB17E000B81565 /* GameState.m */; };
		04E0B6151AE827010012AEC3 /* GameObjectNode.m in Sources */ = {isa = PBXBuildFile; fileRef = 04E0B6141AE827010012AEC3 /* GameObjectNode.m */; };
		04E0B6181AE829970012AEC3 /* StarNode.m in Sources */ = {isa = PBXBuildFile; fileRef = 04E0B6171AE829970012AEC3 /* StarNode.m */; };
		04E0B61A1AE880B70012AEC3 /* StarPing.wav in Resources */ = {isa = PBXBuildFile; fileRef = 04E0B6191AE880B70012AEC3 /* StarPing.wav */; };
		04E0B61D1AE8824F0012AEC3 /* PlatformNode.m in Sources */ = {isa = PBXBuildFile; fileRef = 04E0B61C1AE8824F0012AEC3 /* PlatformNode.m */; };
		04E0B61F1AE96A8A0012AEC3 /* Level01.plist in Resources */ = {isa = PBXBuildFile; fileRef = 04E0B61E1AE96A8A0012AEC3 /* Level01.plist */; };
/* End PBXBuildFile section */

/* Begin PBXContainerItemProxy section */
		0455A9B31AE7553300CE0845 /* PBXContainerItemProxy */ = {
			isa = PBXContainerItemProxy;
			containerPortal = 0455A98C1AE7553300CE0845 /* Project object */;
			proxyType = 1;
			remoteGlobalIDString = 0455A9931AE7553300CE0845;
			remoteInfo = "uberjump-spritekit-objc-iphone";
		};
/* End PBXContainerItemProxy section */

/* Begin PBXFileReference section */
		040CB0A11AF98B9400AF1CC5 /* EndGameScene.h */ = {isa = PBXFileReference; fileEncoding = 4; lastKnownFileType = sourcecode.c.h; path = EndGameScene.h; sourceTree = "<group>"; };
		040CB0A21AF98B9400AF1CC5 /* EndGameScene.m */ = {isa = PBXFileReference; fileEncoding = 4; lastKnownFileType = sourcecode.c.objc; path = EndGameScene.m; sourceTree = "<group>"; };
		0455A9941AE7553300CE0845 /* uberjump-spritekit-objc-iphone.app */ = {isa = PBXFileReference; explicitFileType = wrapper.application; includeInIndex = 0; path = "uberjump-spritekit-objc-iphone.app"; sourceTree = BUILT_PRODUCTS_DIR; };
		0455A9981AE7553300CE0845 /* Info.plist */ = {isa = PBXFileReference; lastKnownFileType = text.plist.xml; path = Info.plist; sourceTree = "<group>"; };
		0455A9991AE7553300CE0845 /* main.m */ = {isa = PBXFileReference; lastKnownFileType = sourcecode.c.objc; path = main.m; sourceTree = "<group>"; };
		0455A99B1AE7553300CE0845 /* AppDelegate.h */ = {isa = PBXFileReference; lastKnownFileType = sourcecode.c.h; path = AppDelegate.h; sourceTree = "<group>"; };
		0455A99C1AE7553300CE0845 /* AppDelegate.m */ = {isa = PBXFileReference; lastKnownFileType = sourcecode.c.objc; path = AppDelegate.m; sourceTree = "<group>"; };
		0455A99E1AE7553300CE0845 /* GameScene.h */ = {isa = PBXFileReference; lastKnownFileType = sourcecode.c.h; path = GameScene.h; sourceTree = "<group>"; };
		0455A99F1AE7553300CE0845 /* GameScene.m */ = {isa = PBXFileReference; lastKnownFileType = sourcecode.c.objc; path = GameScene.m; sourceTree = "<group>"; };
		0455A9A11AE7553300CE0845 /* GameScene.sks */ = {isa = PBXFileReference; lastKnownFileType = file.sks; path = GameScene.sks; sourceTree = "<group>"; };
		0455A9A31AE7553300CE0845 /* GameViewController.h */ = {isa = PBXFileReference; lastKnownFileType = sourcecode.c.h; path = GameViewController.h; sourceTree = "<group>"; };
		0455A9A41AE7553300CE0845 /* GameViewController.m */ = {isa = PBXFileReference; lastKnownFileType = sourcecode.c.objc; path = GameViewController.m; sourceTree = "<group>"; };
		0455A9A71AE7553300CE0845 /* Base */ = {isa = PBXFileReference; lastKnownFileType = file.storyboard; name = Base; path = Base.lproj/Main.storyboard; sourceTree = "<group>"; };
		0455A9A91AE7553300CE0845 /* Images.xcassets */ = {isa = PBXFileReference; lastKnownFileType = folder.assetcatalog; path = Images.xcassets; sourceTree = "<group>"; };
		0455A9AC1AE7553300CE0845 /* Base */ = {isa = PBXFileReference; lastKnownFileType = file.xib; name = Base; path = Base.lproj/LaunchScreen.xib; sourceTree = "<group>"; };
		0455A9B21AE7553300CE0845 /* uberjump-spritekit-objc-iphoneTests.xctest */ = {isa = PBXFileReference; explicitFileType = wrapper.cfbundle; includeInIndex = 0; path = "uberjump-spritekit-objc-iphoneTests.xctest"; sourceTree = BUILT_PRODUCTS_DIR; };
		0455A9B71AE7553300CE0845 /* Info.plist */ = {isa = PBXFileReference; lastKnownFileType = text.plist.xml; path = Info.plist; sourceTree = "<group>"; };
		0455A9B81AE7553300CE0845 /* uberjump_spritekit_objc_iphoneTests.m */ = {isa = PBXFileReference; lastKnownFileType = sourcecode.c.objc; path = uberjump_spritekit_objc_iphoneTests.m; sourceTree = "<group>"; };
		0455A9C31AE7573B00CE0845 /* Assets.atlas */ = {isa = PBXFileReference; lastKnownFileType = folder.skatlas; path = Assets.atlas; sourceTree = "<group>"; };
		0455A9C51AE7573B00CE0845 /* Background.png */ = {isa = PBXFileReference; lastKnownFileType = image.png; path = Background.png; sourceTree = "<group>"; };
		0455A9C61AE7573B00CE0845 /* Background01.png */ = {isa = PBXFileReference; lastKnownFileType = image.png; path = Background01.png; sourceTree = "<group>"; };
		0455A9C71AE7573B00CE0845 /* Background01@2x.png */ = {isa = PBXFileReference; lastKnownFileType = image.png; path = "Background01@2x.png"; sourceTree = "<group>"; };
		0455A9C81AE7573B00CE0845 /* Background02.png */ = {isa = PBXFileReference; lastKnownFileType = image.png; path = Background02.png; sourceTree = "<group>"; };
		0455A9C91AE7573B00CE0845 /* Background02@2x.png */ = {isa = PBXFileReference; lastKnownFileType = image.png; path = "Background02@2x.png"; sourceTree = "<group>"; };
		0455A9CA1AE7573B00CE0845 /* Background03.png */ = {isa = PBXFileReference; lastKnownFileType = image.png; path = Background03.png; sourceTree = "<group>"; };
		0455A9CB1AE7573B00CE0845 /* Background03@2x.png */ = {isa = PBXFileReference; lastKnownFileType = image.png; path = "Background03@2x.png"; sourceTree = "<group>"; };
		0455A9CC1AE7573B00CE0845 /* Background04.png */ = {isa = PBXFileReference; lastKnownFileType = image.png; path = Background04.png; sourceTree = "<group>"; };
		0455A9CD1AE7573B00CE0845 /* Background04@2x.png */ = {isa = PBXFileReference; lastKnownFileType = image.png; path = "Background04@2x.png"; sourceTree = "<group>"; };
		0455A9CE1AE7573B00CE0845 /* Background05.png */ = {isa = PBXFileReference; lastKnownFileType = image.png; path = Background05.png; sourceTree = "<group>"; };
		0455A9CF1AE7573B00CE0845 /* Background05@2x.png */ = {isa = PBXFileReference; lastKnownFileType = image.png; path = "Background05@2x.png"; sourceTree = "<group>"; };
		0455A9D01AE7573B00CE0845 /* Background06.png */ = {isa = PBXFileReference; lastKnownFileType = image.png; path = Background06.png; sourceTree = "<group>"; };
		0455A9D11AE7573B00CE0845 /* Background06@2x.png */ = {isa = PBXFileReference; lastKnownFileType = image.png; path = "Background06@2x.png"; sourceTree = "<group>"; };
		0455A9D21AE7573B00CE0845 /* Background07.png */ = {isa = PBXFileReference; lastKnownFileType = image.png; path = Background07.png; sourceTree = "<group>"; };
		0455A9D31AE7573B00CE0845 /* Background07@2x.png */ = {isa = PBXFileReference; lastKnownFileType = image.png; path = "Background07@2x.png"; sourceTree = "<group>"; };
		0455A9D41AE7573B00CE0845 /* Background08.png */ = {isa = PBXFileReference; lastKnownFileType = image.png; path = Background08.png; sourceTree = "<group>"; };
		0455A9D51AE7573B00CE0845 /* Background08@2x.png */ = {isa = PBXFileReference; lastKnownFileType = image.png; path = "Background08@2x.png"; sourceTree = "<group>"; };
		0455A9D61AE7573B00CE0845 /* Background09.png */ = {isa = PBXFileReference; lastKnownFileType = image.png; path = Background09.png; sourceTree = "<group>"; };
		0455A9D71AE7573B00CE0845 /* Background09@2x.png */ = {isa = PBXFileReference; lastKnownFileType = image.png; path = "Background09@2x.png"; sourceTree = "<group>"; };
		0455A9D81AE7573B00CE0845 /* Background10.png */ = {isa = PBXFileReference; lastKnownFileType = image.png; path = Background10.png; sourceTree = "<group>"; };
		0455A9D91AE7573B00CE0845 /* Background10@2x.png */ = {isa = PBXFileReference; lastKnownFileType = image.png; path = "Background10@2x.png"; sourceTree = "<group>"; };
		0455A9DA1AE7573B00CE0845 /* Background11.png */ = {isa = PBXFileReference; lastKnownFileType = image.png; path = Background11.png; sourceTree = "<group>"; };
		0455A9DB1AE7573B00CE0845 /* Background11@2x.png */ = {isa = PBXFileReference; lastKnownFileType = image.png; path = "Background11@2x.png"; sourceTree = "<group>"; };
		0455A9DC1AE7573B00CE0845 /* Background12.png */ = {isa = PBXFileReference; lastKnownFileType = image.png; path = Background12.png; sourceTree = "<group>"; };
		0455A9DD1AE7573B00CE0845 /* Background12@2x.png */ = {isa = PBXFileReference; lastKnownFileType = image.png; path = "Background12@2x.png"; sourceTree = "<group>"; };
		0455A9DE1AE7573B00CE0845 /* Background13.png */ = {isa = PBXFileReference; lastKnownFileType = image.png; path = Background13.png; sourceTree = "<group>"; };
		0455A9DF1AE7573B00CE0845 /* Background13@2x.png */ = {isa = PBXFileReference; lastKnownFileType = image.png; path = "Background13@2x.png"; sourceTree = "<group>"; };
		0455A9E01AE7573B00CE0845 /* Background14.png */ = {isa = PBXFileReference; lastKnownFileType = image.png; path = Background14.png; sourceTree = "<group>"; };
		0455A9E11AE7573B00CE0845 /* Background14@2x.png */ = {isa = PBXFileReference; lastKnownFileType = image.png; path = "Background14@2x.png"; sourceTree = "<group>"; };
		0455A9E21AE7573B00CE0845 /* Background15.png */ = {isa = PBXFileReference; lastKnownFileType = image.png; path = Background15.png; sourceTree = "<group>"; };
		0455A9E31AE7573B00CE0845 /* Background15@2x.png */ = {isa = PBXFileReference; lastKnownFileType = image.png; path = "Background15@2x.png"; sourceTree = "<group>"; };
		0455A9E41AE7573B00CE0845 /* Background16.png */ = {isa = PBXFileReference; lastKnownFileType = image.png; path = Background16.png; sourceTree = "<group>"; };
		0455A9E51AE7573B00CE0845 /* Background16@2x.png */ = {isa = PBXFileReference; lastKnownFileType = image.png; path = "Background16@2x.png"; sourceTree = "<group>"; };
		0455A9E61AE7573B00CE0845 /* Background17.png */ = {isa = PBXFileReference; lastKnownFileType = image.png; path = Background17.png; sourceTree = "<group>"; };
		0455A9E71AE7573B00CE0845 /* Background17@2x.png */ = {isa = PBXFileReference; lastKnownFileType = image.png; path = "Background17@2x.png"; sourceTree = "<group>"; };
		0455A9E81AE7573B00CE0845 /* Background18.png */ = {isa = PBXFileReference; lastKnownFileType = image.png; path = Background18.png; sourceTree = "<group>"; };
		0455A9E91AE7573B00CE0845 /* Background18@2x.png */ = {isa = PBXFileReference; lastKnownFileType = image.png; path = "Background18@2x.png"; sourceTree = "<group>"; };
		0455A9EA1AE7573B00CE0845 /* Background19.png */ = {isa = PBXFileReference; lastKnownFileType = image.png; path = Background19.png; sourceTree = "<group>"; };
		0455A9EB1AE7573B00CE0845 /* Background19@2x.png */ = {isa = PBXFileReference; lastKnownFileType = image.png; path = "Background19@2x.png"; sourceTree = "<group>"; };
		0455A9EC1AE7573B00CE0845 /* Background20.png */ = {isa = PBXFileReference; lastKnownFileType = image.png; path = Background20.png; sourceTree = "<group>"; };
		0455A9ED1AE7573B00CE0845 /* Background20@2x.png */ = {isa = PBXFileReference; lastKnownFileType = image.png; path = "Background20@2x.png"; sourceTree = "<group>"; };
		0455A9EE1AE7573B00CE0845 /* Background@2x.png */ = {isa = PBXFileReference; lastKnownFileType = image.png; path = "Background@2x.png"; sourceTree = "<group>"; };
		048F466E1AEB17E000B81565 /* GameState.h */ = {isa = PBXFileReference; fileEncoding = 4; lastKnownFileType = sourcecode.c.h; path = GameState.h; sourceTree = "<group>"; };
		048F466F1AEB17E000B81565 /* GameState.m */ = {isa = PBXFileReference; fileEncoding = 4; lastKnownFileType = sourcecode.c.objc; path = GameState.m; sourceTree = "<group>"; };
		04E0B6131AE827010012AEC3 /* GameObjectNode.h */ = {isa = PBXFileReference; fileEncoding = 4; lastKnownFileType = sourcecode.c.h; path = GameObjectNode.h; sourceTree = "<group>"; };
		04E0B6141AE827010012AEC3 /* GameObjectNode.m */ = {isa = PBXFileReference; fileEncoding = 4; lastKnownFileType = sourcecode.c.objc; path = GameObjectNode.m; sourceTree = "<group>"; };
		04E0B6161AE829970012AEC3 /* StarNode.h */ = {isa = PBXFileReference; fileEncoding = 4; lastKnownFileType = sourcecode.c.h; path = StarNode.h; sourceTree = "<group>"; };
		04E0B6171AE829970012AEC3 /* StarNode.m */ = {isa = PBXFileReference; fileEncoding = 4; lastKnownFileType = sourcecode.c.objc; path = StarNode.m; sourceTree = "<group>"; };
		04E0B6191AE880B70012AEC3 /* StarPing.wav */ = {isa = PBXFileReference; lastKnownFileType = audio.wav; path = StarPing.wav; sourceTree = "<group>"; };
		04E0B61B1AE8824F0012AEC3 /* PlatformNode.h */ = {isa = PBXFileReference; fileEncoding = 4; lastKnownFileType = sourcecode.c.h; path = PlatformNode.h; sourceTree = "<group>"; };
		04E0B61C1AE8824F0012AEC3 /* PlatformNode.m */ = {isa = PBXFileReference; fileEncoding = 4; lastKnownFileType = sourcecode.c.objc; path = PlatformNode.m; sourceTree = "<group>"; };
		04E0B61E1AE96A8A0012AEC3 /* Level01.plist */ = {isa = PBXFileReference; fileEncoding = 4; lastKnownFileType = text.plist.xml; path = Level01.plist; sourceTree = "<group>"; };
/* End PBXFileReference section */

/* Begin PBXFrameworksBuildPhase section */
		0455A9911AE7553300CE0845 /* Frameworks */ = {
			isa = PBXFrameworksBuildPhase;
			buildActionMask = 2147483647;
			files = (
			);
			runOnlyForDeploymentPostprocessing = 0;
		};
		0455A9AF1AE7553300CE0845 /* Frameworks */ = {
			isa = PBXFrameworksBuildPhase;
			buildActionMask = 2147483647;
			files = (
			);
			runOnlyForDeploymentPostprocessing = 0;
		};
/* End PBXFrameworksBuildPhase section */

/* Begin PBXGroup section */
		0455A98B1AE7553300CE0845 = {
			isa = PBXGroup;
			children = (
				0455A9C21AE7573A00CE0845 /* UberJumpGraphics */,
				0455A9961AE7553300CE0845 /* uberjump-spritekit-objc-iphone */,
				0455A9B51AE7553300CE0845 /* uberjump-spritekit-objc-iphoneTests */,
				0455A9951AE7553300CE0845 /* Products */,
			);
			sourceTree = "<group>";
		};
		0455A9951AE7553300CE0845 /* Products */ = {
			isa = PBXGroup;
			children = (
				0455A9941AE7553300CE0845 /* uberjump-spritekit-objc-iphone.app */,
				0455A9B21AE7553300CE0845 /* uberjump-spritekit-objc-iphoneTests.xctest */,
			);
			name = Products;
			sourceTree = "<group>";
		};
		0455A9961AE7553300CE0845 /* uberjump-spritekit-objc-iphone */ = {
			isa = PBXGroup;
			children = (
				0455A99B1AE7553300CE0845 /* AppDelegate.h */,
				0455A99C1AE7553300CE0845 /* AppDelegate.m */,
				0455A99E1AE7553300CE0845 /* GameScene.h */,
				0455A99F1AE7553300CE0845 /* GameScene.m */,
				040CB0A11AF98B9400AF1CC5 /* EndGameScene.h */,
				040CB0A21AF98B9400AF1CC5 /* EndGameScene.m */,
				048F466E1AEB17E000B81565 /* GameState.h */,
				048F466F1AEB17E000B81565 /* GameState.m */,
				0455A9A11AE7553300CE0845 /* GameScene.sks */,
				04E0B6131AE827010012AEC3 /* GameObjectNode.h */,
				04E0B6141AE827010012AEC3 /* GameObjectNode.m */,
				04E0B61B1AE8824F0012AEC3 /* PlatformNode.h */,
				04E0B61C1AE8824F0012AEC3 /* PlatformNode.m */,
				04E0B6161AE829970012AEC3 /* StarNode.h */,
				04E0B6171AE829970012AEC3 /* StarNode.m */,
				0455A9A31AE7553300CE0845 /* GameViewController.h */,
				0455A9A41AE7553300CE0845 /* GameViewController.m */,
				04E0B6191AE880B70012AEC3 /* StarPing.wav */,
				0455A9A61AE7553300CE0845 /* Main.storyboard */,
				04E0B61E1AE96A8A0012AEC3 /* Level01.plist */,
				0455A9A91AE7553300CE0845 /* Images.xcassets */,
				0455A9AB1AE7553300CE0845 /* LaunchScreen.xib */,
				0455A9971AE7553300CE0845 /* Supporting Files */,
			);
			path = "uberjump-spritekit-objc-iphone";
			sourceTree = "<group>";
		};
		0455A9971AE7553300CE0845 /* Supporting Files */ = {
			isa = PBXGroup;
			children = (
				0455A9981AE7553300CE0845 /* Info.plist */,
				0455A9991AE7553300CE0845 /* main.m */,
			);
			name = "Supporting Files";
			sourceTree = "<group>";
		};
		0455A9B51AE7553300CE0845 /* uberjump-spritekit-objc-iphoneTests */ = {
			isa = PBXGroup;
			children = (
				0455A9B81AE7553300CE0845 /* uberjump_spritekit_objc_iphoneTests.m */,
				0455A9B61AE7553300CE0845 /* Supporting Files */,
			);
			path = "uberjump-spritekit-objc-iphoneTests";
			sourceTree = "<group>";
		};
		0455A9B61AE7553300CE0845 /* Supporting Files */ = {
			isa = PBXGroup;
			children = (
				0455A9B71AE7553300CE0845 /* Info.plist */,
			);
			name = "Supporting Files";
			sourceTree = "<group>";
		};
		0455A9C21AE7573A00CE0845 /* UberJumpGraphics */ = {
			isa = PBXGroup;
			children = (
				0455A9C31AE7573B00CE0845 /* Assets.atlas */,
				0455A9C41AE7573B00CE0845 /* Backgrounds */,
			);
			path = UberJumpGraphics;
			sourceTree = "<group>";
		};
		0455A9C41AE7573B00CE0845 /* Backgrounds */ = {
			isa = PBXGroup;
			children = (
				0455A9C51AE7573B00CE0845 /* Background.png */,
				0455A9C61AE7573B00CE0845 /* Background01.png */,
				0455A9C71AE7573B00CE0845 /* Background01@2x.png */,
				0455A9C81AE7573B00CE0845 /* Background02.png */,
				0455A9C91AE7573B00CE0845 /* Background02@2x.png */,
				0455A9CA1AE7573B00CE0845 /* Background03.png */,
				0455A9CB1AE7573B00CE0845 /* Background03@2x.png */,
				0455A9CC1AE7573B00CE0845 /* Background04.png */,
				0455A9CD1AE7573B00CE0845 /* Background04@2x.png */,
				0455A9CE1AE7573B00CE0845 /* Background05.png */,
				0455A9CF1AE7573B00CE0845 /* Background05@2x.png */,
				0455A9D01AE7573B00CE0845 /* Background06.png */,
				0455A9D11AE7573B00CE0845 /* Background06@2x.png */,
				0455A9D21AE7573B00CE0845 /* Background07.png */,
				0455A9D31AE7573B00CE0845 /* Background07@2x.png */,
				0455A9D41AE7573B00CE0845 /* Background08.png */,
				0455A9D51AE7573B00CE0845 /* Background08@2x.png */,
				0455A9D61AE7573B00CE0845 /* Background09.png */,
				0455A9D71AE7573B00CE0845 /* Background09@2x.png */,
				0455A9D81AE7573B00CE0845 /* Background10.png */,
				0455A9D91AE7573B00CE0845 /* Background10@2x.png */,
				0455A9DA1AE7573B00CE0845 /* Background11.png */,
				0455A9DB1AE7573B00CE0845 /* Background11@2x.png */,
				0455A9DC1AE7573B00CE0845 /* Background12.png */,
				0455A9DD1AE7573B00CE0845 /* Background12@2x.png */,
				0455A9DE1AE7573B00CE0845 /* Background13.png */,
				0455A9DF1AE7573B00CE0845 /* Background13@2x.png */,
				0455A9E01AE7573B00CE0845 /* Background14.png */,
				0455A9E11AE7573B00CE0845 /* Background14@2x.png */,
				0455A9E21AE7573B00CE0845 /* Background15.png */,
				0455A9E31AE7573B00CE0845 /* Background15@2x.png */,
				0455A9E41AE7573B00CE0845 /* Background16.png */,
				0455A9E51AE7573B00CE0845 /* Background16@2x.png */,
				0455A9E61AE7573B00CE0845 /* Background17.png */,
				0455A9E71AE7573B00CE0845 /* Background17@2x.png */,
				0455A9E81AE7573B00CE0845 /* Background18.png */,
				0455A9E91AE7573B00CE0845 /* Background18@2x.png */,
				0455A9EA1AE7573B00CE0845 /* Background19.png */,
				0455A9EB1AE7573B00CE0845 /* Background19@2x.png */,
				0455A9EC1AE7573B00CE0845 /* Background20.png */,
				0455A9ED1AE7573B00CE0845 /* Background20@2x.png */,
				0455A9EE1AE7573B00CE0845 /* Background@2x.png */,
			);
			path = Backgrounds;
			sourceTree = "<group>";
		};
/* End PBXGroup section */

/* Begin PBXNativeTarget section */
		0455A9931AE7553300CE0845 /* uberjump-spritekit-objc-iphone */ = {
			isa = PBXNativeTarget;
			buildConfigurationList = 0455A9BC1AE7553300CE0845 /* Build configuration list for PBXNativeTarget "uberjump-spritekit-objc-iphone" */;
			buildPhases = (
				0455A9901AE7553300CE0845 /* Sources */,
				0455A9911AE7553300CE0845 /* Frameworks */,
				0455A9921AE7553300CE0845 /* Resources */,
			);
			buildRules = (
			);
			dependencies = (
			);
			name = "uberjump-spritekit-objc-iphone";
			productName = "uberjump-spritekit-objc-iphone";
			productReference = 0455A9941AE7553300CE0845 /* uberjump-spritekit-objc-iphone.app */;
			productType = "com.apple.product-type.application";
		};
		0455A9B11AE7553300CE0845 /* uberjump-spritekit-objc-iphoneTests */ = {
			isa = PBXNativeTarget;
			buildConfigurationList = 0455A9BF1AE7553300CE0845 /* Build configuration list for PBXNativeTarget "uberjump-spritekit-objc-iphoneTests" */;
			buildPhases = (
				0455A9AE1AE7553300CE0845 /* Sources */,
				0455A9AF1AE7553300CE0845 /* Frameworks */,
				0455A9B01AE7553300CE0845 /* Resources */,
			);
			buildRules = (
			);
			dependencies = (
				0455A9B41AE7553300CE0845 /* PBXTargetDependency */,
			);
			name = "uberjump-spritekit-objc-iphoneTests";
			productName = "uberjump-spritekit-objc-iphoneTests";
			productReference = 0455A9B21AE7553300CE0845 /* uberjump-spritekit-objc-iphoneTests.xctest */;
			productType = "com.apple.product-type.bundle.unit-test";
		};
/* End PBXNativeTarget section */

/* Begin PBXProject section */
		0455A98C1AE7553300CE0845 /* Project object */ = {
			isa = PBXProject;
			attributes = {
				LastUpgradeCheck = 0620;
				ORGANIZATIONNAME = 366;
				TargetAttributes = {
					0455A9931AE7553300CE0845 = {
						CreatedOnToolsVersion = 6.2;
					};
					0455A9B11AE7553300CE0845 = {
						CreatedOnToolsVersion = 6.2;
						TestTargetID = 0455A9931AE7553300CE0845;
					};
				};
			};
			buildConfigurationList = 0455A98F1AE7553300CE0845 /* Build configuration list for PBXProject "uberjump-spritekit-objc-iphone" */;
			compatibilityVersion = "Xcode 3.2";
			developmentRegion = English;
			hasScannedForEncodings = 0;
			knownRegions = (
				en,
				Base,
			);
			mainGroup = 0455A98B1AE7553300CE0845;
			productRefGroup = 0455A9951AE7553300CE0845 /* Products */;
			projectDirPath = "";
			projectRoot = "";
			targets = (
				0455A9931AE7553300CE0845 /* uberjump-spritekit-objc-iphone */,
				0455A9B11AE7553300CE0845 /* uberjump-spritekit-objc-iphoneTests */,
			);
		};
/* End PBXProject section */

/* Begin PBXResourcesBuildPhase section */
		0455A9921AE7553300CE0845 /* Resources */ = {
			isa = PBXResourcesBuildPhase;
			buildActionMask = 2147483647;
			files = (
				04E0B61A1AE880B70012AEC3 /* StarPing.wav in Resources */,
				0455AA051AE7573B00CE0845 /* Background11.png in Resources */,
				0455A9FF1AE7573B00CE0845 /* Background08.png in Resources */,
				0455AA161AE7573B00CE0845 /* Background19@2x.png in Resources */,
				0455A9F31AE7573B00CE0845 /* Background02.png in Resources */,
				0455AA151AE7573B00CE0845 /* Background19.png in Resources */,
				0455A9F11AE7573B00CE0845 /* Background01.png in Resources */,
				0455A9F21AE7573B00CE0845 /* Background01@2x.png in Resources */,
				0455AA071AE7573B00CE0845 /* Background12.png in Resources */,
				0455AA091AE7573B00CE0845 /* Background13.png in Resources */,
				0455A9FE1AE7573B00CE0845 /* Background07@2x.png in Resources */,
				0455A9F91AE7573B00CE0845 /* Background05.png in Resources */,
				0455AA111AE7573B00CE0845 /* Background17.png in Resources */,
				0455A9F61AE7573B00CE0845 /* Background03@2x.png in Resources */,
				0455A9FA1AE7573B00CE0845 /* Background05@2x.png in Resources */,
				0455A9AD1AE7553300CE0845 /* LaunchScreen.xib in Resources */,
				0455A9AA1AE7553300CE0845 /* Images.xcassets in Resources */,
				0455AA001AE7573B00CE0845 /* Background08@2x.png in Resources */,
				0455A9F81AE7573B00CE0845 /* Background04@2x.png in Resources */,
				0455AA171AE7573B00CE0845 /* Background20.png in Resources */,
				0455AA0C1AE7573B00CE0845 /* Background14@2x.png in Resources */,
				0455A9EF1AE7573B00CE0845 /* Assets.atlas in Resources */,
				0455A9FC1AE7573B00CE0845 /* Background06@2x.png in Resources */,
				0455A9FB1AE7573B00CE0845 /* Background06.png in Resources */,
				0455A9F41AE7573B00CE0845 /* Background02@2x.png in Resources */,
				0455A9F01AE7573B00CE0845 /* Background.png in Resources */,
				0455AA0A1AE7573B00CE0845 /* Background13@2x.png in Resources */,
				0455AA041AE7573B00CE0845 /* Background10@2x.png in Resources */,
				0455AA121AE7573B00CE0845 /* Background17@2x.png in Resources */,
				0455AA101AE7573B00CE0845 /* Background16@2x.png in Resources */,
				04E0B61F1AE96A8A0012AEC3 /* Level01.plist in Resources */,
				0455AA191AE7573B00CE0845 /* Background@2x.png in Resources */,
				0455AA0D1AE7573B00CE0845 /* Background15.png in Resources */,
				0455AA181AE7573B00CE0845 /* Background20@2x.png in Resources */,
				0455AA021AE7573B00CE0845 /* Background09@2x.png in Resources */,
				0455AA131AE7573B00CE0845 /* Background18.png in Resources */,
				0455AA031AE7573B00CE0845 /* Background10.png in Resources */,
				0455AA0B1AE7573B00CE0845 /* Background14.png in Resources */,
				0455A9F71AE7573B00CE0845 /* Background04.png in Resources */,
				0455AA061AE7573B00CE0845 /* Background11@2x.png in Resources */,
				0455A9F51AE7573B00CE0845 /* Background03.png in Resources */,
				0455A9FD1AE7573B00CE0845 /* Background07.png in Resources */,
				0455AA141AE7573B00CE0845 /* Background18@2x.png in Resources */,
				0455A9A21AE7553300CE0845 /* GameScene.sks in Resources */,
				0455AA0F1AE7573B00CE0845 /* Background16.png in Resources */,
				0455AA081AE7573B00CE0845 /* Background12@2x.png in Resources */,
				0455AA011AE7573B00CE0845 /* Background09.png in Resources */,
				0455AA0E1AE7573B00CE0845 /* Background15@2x.png in Resources */,
				0455A9A81AE7553300CE0845 /* Main.storyboard in Resources */,
			);
			runOnlyForDeploymentPostprocessing = 0;
		};
		0455A9B01AE7553300CE0845 /* Resources */ = {
			isa = PBXResourcesBuildPhase;
			buildActionMask = 2147483647;
			files = (
			);
			runOnlyForDeploymentPostprocessing = 0;
		};
/* End PBXResourcesBuildPhase section */

/* Begin PBXSourcesBuildPhase section */
		0455A9901AE7553300CE0845 /* Sources */ = {
			isa = PBXSourcesBuildPhase;
			buildActionMask = 2147483647;
			files = (
				04E0B61D1AE8824F0012AEC3 /* PlatformNode.m in Sources */,
				040CB0A31AF98B9400AF1CC5 /* EndGameScene.m in Sources */,
				048F46701AEB17E000B81565 /* GameState.m in Sources */,
				04E0B6151AE827010012AEC3 /* GameObjectNode.m in Sources */,
				0455A9A51AE7553300CE0845 /* GameViewController.m in Sources */,
				0455A99D1AE7553300CE0845 /* AppDelegate.m in Sources */,
				0455A9A01AE7553300CE0845 /* GameScene.m in Sources */,
				0455A99A1AE7553300CE0845 /* main.m in Sources */,
				04E0B6181AE829970012AEC3 /* StarNode.m in Sources */,
			);
			runOnlyForDeploymentPostprocessing = 0;
		};
		0455A9AE1AE7553300CE0845 /* Sources */ = {
			isa = PBXSourcesBuildPhase;
			buildActionMask = 2147483647;
			files = (
				0455A9B91AE7553300CE0845 /* uberjump_spritekit_objc_iphoneTests.m in Sources */,
			);
			runOnlyForDeploymentPostprocessing = 0;
		};
/* End PBXSourcesBuildPhase section */

/* Begin PBXTargetDependency section */
		0455A9B41AE7553300CE0845 /* PBXTargetDependency */ = {
			isa = PBXTargetDependency;
			target = 0455A9931AE7553300CE0845 /* uberjump-spritekit-objc-iphone */;
			targetProxy = 0455A9B31AE7553300CE0845 /* PBXContainerItemProxy */;
		};
/* End PBXTargetDependency section */

/* Begin PBXVariantGroup section */
		0455A9A61AE7553300CE0845 /* Main.storyboard */ = {
			isa = PBXVariantGroup;
			children = (
				0455A9A71AE7553300CE0845 /* Base */,
			);
			name = Main.storyboard;
			sourceTree = "<group>";
		};
		0455A9AB1AE7553300CE0845 /* LaunchScreen.xib */ = {
			isa = PBXVariantGroup;
			children = (
				0455A9AC1AE7553300CE0845 /* Base */,
			);
			name = LaunchScreen.xib;
			sourceTree = "<group>";
		};
/* End PBXVariantGroup section */

/* Begin XCBuildConfiguration section */
		0455A9BA1AE7553300CE0845 /* Debug */ = {
			isa = XCBuildConfiguration;
			buildSettings = {
				ALWAYS_SEARCH_USER_PATHS = NO;
				CLANG_CXX_LANGUAGE_STANDARD = "gnu++0x";
				CLANG_CXX_LIBRARY = "libc++";
				CLANG_ENABLE_MODULES = YES;
				CLANG_ENABLE_OBJC_ARC = YES;
				CLANG_WARN_BOOL_CONVERSION = YES;
				CLANG_WARN_CONSTANT_CONVERSION = YES;
				CLANG_WARN_DIRECT_OBJC_ISA_USAGE = YES_ERROR;
				CLANG_WARN_EMPTY_BODY = YES;
				CLANG_WARN_ENUM_CONVERSION = YES;
				CLANG_WARN_INT_CONVERSION = YES;
				CLANG_WARN_OBJC_ROOT_CLASS = YES_ERROR;
				CLANG_WARN_UNREACHABLE_CODE = YES;
				CLANG_WARN__DUPLICATE_METHOD_MATCH = YES;
				"CODE_SIGN_IDENTITY[sdk=iphoneos*]" = "iPhone Developer";
				COPY_PHASE_STRIP = NO;
				ENABLE_STRICT_OBJC_MSGSEND = YES;
				GCC_C_LANGUAGE_STANDARD = gnu99;
				GCC_DYNAMIC_NO_PIC = NO;
				GCC_OPTIMIZATION_LEVEL = 0;
				GCC_PREPROCESSOR_DEFINITIONS = (
					"DEBUG=1",
					"$(inherited)",
				);
				GCC_SYMBOLS_PRIVATE_EXTERN = NO;
				GCC_WARN_64_TO_32_BIT_CONVERSION = YES;
				GCC_WARN_ABOUT_RETURN_TYPE = YES_ERROR;
				GCC_WARN_UNDECLARED_SELECTOR = YES;
				GCC_WARN_UNINITIALIZED_AUTOS = YES_AGGRESSIVE;
				GCC_WARN_UNUSED_FUNCTION = YES;
				GCC_WARN_UNUSED_VARIABLE = YES;
				IPHONEOS_DEPLOYMENT_TARGET = 8.2;
				MTL_ENABLE_DEBUG_INFO = YES;
				ONLY_ACTIVE_ARCH = YES;
				SDKROOT = iphoneos;
			};
			name = Debug;
		};
		0455A9BB1AE7553300CE0845 /* Release */ = {
			isa = XCBuildConfiguration;
			buildSettings = {
				ALWAYS_SEARCH_USER_PATHS = NO;
				CLANG_CXX_LANGUAGE_STANDARD = "gnu++0x";
				CLANG_CXX_LIBRARY = "libc++";
				CLANG_ENABLE_MODULES = YES;
				CLANG_ENABLE_OBJC_ARC = YES;
				CLANG_WARN_BOOL_CONVERSION = YES;
				CLANG_WARN_CONSTANT_CONVERSION = YES;
				CLANG_WARN_DIRECT_OBJC_ISA_USAGE = YES_ERROR;
				CLANG_WARN_EMPTY_BODY = YES;
				CLANG_WARN_ENUM_CONVERSION = YES;
				CLANG_WARN_INT_CONVERSION = YES;
				CLANG_WARN_OBJC_ROOT_CLASS = YES_ERROR;
				CLANG_WARN_UNREACHABLE_CODE = YES;
				CLANG_WARN__DUPLICATE_METHOD_MATCH = YES;
				"CODE_SIGN_IDENTITY[sdk=iphoneos*]" = "iPhone Developer";
				COPY_PHASE_STRIP = NO;
				ENABLE_NS_ASSERTIONS = NO;
				ENABLE_STRICT_OBJC_MSGSEND = YES;
				GCC_C_LANGUAGE_STANDARD = gnu99;
				GCC_WARN_64_TO_32_BIT_CONVERSION = YES;
				GCC_WARN_ABOUT_RETURN_TYPE = YES_ERROR;
				GCC_WARN_UNDECLARED_SELECTOR = YES;
				GCC_WARN_UNINITIALIZED_AUTOS = YES_AGGRESSIVE;
				GCC_WARN_UNUSED_FUNCTION = YES;
				GCC_WARN_UNUSED_VARIABLE = YES;
				IPHONEOS_DEPLOYMENT_TARGET = 8.2;
				MTL_ENABLE_DEBUG_INFO = NO;
				SDKROOT = iphoneos;
				VALIDATE_PRODUCT = YES;
			};
			name = Release;
		};
		0455A9BD1AE7553300CE0845 /* Debug */ = {
			isa = XCBuildConfiguration;
			buildSettings = {
				ASSETCATALOG_COMPILER_APPICON_NAME = AppIcon;
				INFOPLIST_FILE = "uberjump-spritekit-objc-iphone/Info.plist";
				LD_RUNPATH_SEARCH_PATHS = "$(inherited) @executable_path/Frameworks";
				PRODUCT_NAME = "$(TARGET_NAME)";
			};
			name = Debug;
		};
		0455A9BE1AE7553300CE0845 /* Release */ = {
			isa = XCBuildConfiguration;
			buildSettings = {
				ASSETCATALOG_COMPILER_APPICON_NAME = AppIcon;
				INFOPLIST_FILE = "uberjump-spritekit-objc-iphone/Info.plist";
				LD_RUNPATH_SEARCH_PATHS = "$(inherited) @executable_path/Frameworks";
				PRODUCT_NAME = "$(TARGET_NAME)";
			};
			name = Release;
		};
		0455A9C01AE7553300CE0845 /* Debug */ = {
			isa = XCBuildConfiguration;
			buildSettings = {
				BUNDLE_LOADER = "$(TEST_HOST)";
				FRAMEWORK_SEARCH_PATHS = (
					"$(SDKROOT)/Developer/Library/Frameworks",
					"$(inherited)",
				);
				GCC_PREPROCESSOR_DEFINITIONS = (
					"DEBUG=1",
					"$(inherited)",
				);
				INFOPLIST_FILE = "uberjump-spritekit-objc-iphoneTests/Info.plist";
				LD_RUNPATH_SEARCH_PATHS = "$(inherited) @executable_path/Frameworks @loader_path/Frameworks";
				PRODUCT_NAME = "$(TARGET_NAME)";
				TEST_HOST = "$(BUILT_PRODUCTS_DIR)/uberjump-spritekit-objc-iphone.app/uberjump-spritekit-objc-iphone";
			};
			name = Debug;
		};
		0455A9C11AE7553300CE0845 /* Release */ = {
			isa = XCBuildConfiguration;
			buildSettings = {
				BUNDLE_LOADER = "$(TEST_HOST)";
				FRAMEWORK_SEARCH_PATHS = (
					"$(SDKROOT)/Developer/Library/Frameworks",
					"$(inherited)",
				);
				INFOPLIST_FILE = "uberjump-spritekit-objc-iphoneTests/Info.plist";
				LD_RUNPATH_SEARCH_PATHS = "$(inherited) @executable_path/Frameworks @loader_path/Frameworks";
				PRODUCT_NAME = "$(TARGET_NAME)";
				TEST_HOST = "$(BUILT_PRODUCTS_DIR)/uberjump-spritekit-objc-iphone.app/uberjump-spritekit-objc-iphone";
			};
			name = Release;
		};
/* End XCBuildConfiguration section */

/* Begin XCConfigurationList section */
		0455A98F1AE7553300CE0845 /* Build configuration list for PBXProject "uberjump-spritekit-objc-iphone" */ = {
			isa = XCConfigurationList;
			buildConfigurations = (
				0455A9BA1AE7553300CE0845 /* Debug */,
				0455A9BB1AE7553300CE0845 /* Release */,
			);
			defaultConfigurationIsVisible = 0;
			defaultConfigurationName = Release;
		};
		0455A9BC1AE7553300CE0845 /* Build configuration list for PBXNativeTarget "uberjump-spritekit-objc-iphone" */ = {
			isa = XCConfigurationList;
			buildConfigurations = (
				0455A9BD1AE7553300CE0845 /* Debug */,
				0455A9BE1AE7553300CE0845 /* Release */,
			);
			defaultConfigurationIsVisible = 0;
			defaultConfigurationName = Release;
		};
		0455A9BF1AE7553300CE0845 /* Build configuration list for PBXNativeTarget "uberjump-spritekit-objc-iphoneTests" */ = {
			isa = XCConfigurationList;
			buildConfigurations = (
				0455A9C01AE7553300CE0845 /* Debug */,
				0455A9C11AE7553300CE0845 /* Release */,
			);
			defaultConfigurationIsVisible = 0;
			defaultConfigurationName = Release;
		};
/* End XCConfigurationList section */
	};
	rootObject = 0455A98C1AE7553300CE0845 /* Project object */;
}
